
Microsoft Visual Studio Solution File, Format Version 12.00
# Visual Studio 15
VisualStudioVersion = 15.0.28307.539
MinimumVisualStudioVersion = 10.0.40219.1
Project("{888888A0-9F3D-457C-B088-3A5042F75D52}") = "Team1010BlockchainCV", "Team1010BlockchainCV\Team1010BlockchainCV.pyproj", "{DD4F29BB-E4F1-49CD-B4A4-83BA7BF8887F}"
EndProject
Global
	GlobalSection(SolutionConfigurationPlatforms) = preSolution
		Debug|Any CPU = Debug|Any CPU
		Release|Any CPU = Release|Any CPU
	EndGlobalSection
	GlobalSection(ProjectConfigurationPlatforms) = postSolution
		{DD4F29BB-E4F1-49CD-B4A4-83BA7BF8887F}.Debug|Any CPU.ActiveCfg = Debug|Any CPU
		{DD4F29BB-E4F1-49CD-B4A4-83BA7BF8887F}.Debug|Any CPU.Build.0 = Debug|Any CPU
		{DD4F29BB-E4F1-49CD-B4A4-83BA7BF8887F}.Release|Any CPU.ActiveCfg = Release|Any CPU
		{DD4F29BB-E4F1-49CD-B4A4-83BA7BF8887F}.Release|Any CPU.Build.0 = Release|Any CPU
	EndGlobalSection
	GlobalSection(SolutionProperties) = preSolution
		HideSolutionNode = FALSE
	EndGlobalSection
	GlobalSection(ExtensibilityGlobals) = postSolution
		SolutionGuid = {C95AE060-39E9-469D-964B-55E98B4F58F2}
	EndGlobalSection
EndGlobal
